
Microsoft Visual Studio Solution File, Format Version 12.00
# Visual Studio Version 17
VisualStudioVersion = 17.9.34714.143
MinimumVisualStudioVersion = 10.0.40219.1
Project("{9A19103F-16F7-4668-BE54-9A1E7A4F7556}") = "DoubleJumpCS2", "DoubleJumpCS2.csproj", "{73C75C4C-2BA0-4032-A075-E2889E3162DE}"
EndProject
Global
	GlobalSection(SolutionConfigurationPlatforms) = preSolution
		Debug|Any CPU = Debug|Any CPU
		Release|Any CPU = Release|Any CPU
	EndGlobalSection
	GlobalSection(ProjectConfigurationPlatforms) = postSolution
		{73C75C4C-2BA0-4032-A075-E2889E3162DE}.Debug|Any CPU.ActiveCfg = Debug|Any CPU
		{73C75C4C-2BA0-4032-A075-E2889E3162DE}.Debug|Any CPU.Build.0 = Debug|Any CPU
		{73C75C4C-2BA0-4032-A075-E2889E3162DE}.Release|Any CPU.ActiveCfg = Release|Any CPU
		{73C75C4C-2BA0-4032-A075-E2889E3162DE}.Release|Any CPU.Build.0 = Release|Any CPU
	EndGlobalSection
	GlobalSection(SolutionProperties) = preSolution
		HideSolutionNode = FALSE
	EndGlobalSection
	GlobalSection(ExtensibilityGlobals) = postSolution
		SolutionGuid = {8EF86DCD-0FCE-4DD8-8353-A017907F9F05}
	EndGlobalSection
EndGlobal
